
Microsoft Visual Studio Solution File, Format Version 12.00
# Visual Studio Version 17
VisualStudioVersion = 17.9.34723.18
MinimumVisualStudioVersion = 10.0.40219.1
Project("{FAE04EC0-301F-11D3-BF4B-00C04F79EFBC}") = "BibResto", "BibResto.csproj", "{97C57D10-9C25-4D9F-865B-96A7910FB65C}"
EndProject
Project("{FAE04EC0-301F-11D3-BF4B-00C04F79EFBC}") = "UnitTestProject1", "..\UnitTestProject1\UnitTestProject1.csproj", "{C9712390-F82A-4F2D-AA77-B508DAF1C4C9}"
EndProject
Project("{FAE04EC0-301F-11D3-BF4B-00C04F79EFBC}") = "1prueba", "..\1prueba\1prueba.csproj", "{EB949822-75ED-4F60-8FBA-50AEA7B9840A}"
EndProject
Global
	GlobalSection(SolutionConfigurationPlatforms) = preSolution
		Debug|Any CPU = Debug|Any CPU
		Release|Any CPU = Release|Any CPU
	EndGlobalSection
	GlobalSection(ProjectConfigurationPlatforms) = postSolution
		{97C57D10-9C25-4D9F-865B-96A7910FB65C}.Debug|Any CPU.ActiveCfg = Debug|Any CPU
		{97C57D10-9C25-4D9F-865B-96A7910FB65C}.Debug|Any CPU.Build.0 = Debug|Any CPU
		{97C57D10-9C25-4D9F-865B-96A7910FB65C}.Release|Any CPU.ActiveCfg = Release|Any CPU
		{97C57D10-9C25-4D9F-865B-96A7910FB65C}.Release|Any CPU.Build.0 = Release|Any CPU
		{C9712390-F82A-4F2D-AA77-B508DAF1C4C9}.Debug|Any CPU.ActiveCfg = Debug|Any CPU
		{C9712390-F82A-4F2D-AA77-B508DAF1C4C9}.Debug|Any CPU.Build.0 = Debug|Any CPU
		{C9712390-F82A-4F2D-AA77-B508DAF1C4C9}.Release|Any CPU.ActiveCfg = Release|Any CPU
		{C9712390-F82A-4F2D-AA77-B508DAF1C4C9}.Release|Any CPU.Build.0 = Release|Any CPU
		{EB949822-75ED-4F60-8FBA-50AEA7B9840A}.Debug|Any CPU.ActiveCfg = Debug|Any CPU
		{EB949822-75ED-4F60-8FBA-50AEA7B9840A}.Debug|Any CPU.Build.0 = Debug|Any CPU
		{EB949822-75ED-4F60-8FBA-50AEA7B9840A}.Release|Any CPU.ActiveCfg = Release|Any CPU
		{EB949822-75ED-4F60-8FBA-50AEA7B9840A}.Release|Any CPU.Build.0 = Release|Any CPU
	EndGlobalSection
	GlobalSection(SolutionProperties) = preSolution
		HideSolutionNode = FALSE
	EndGlobalSection
	GlobalSection(ExtensibilityGlobals) = postSolution
		SolutionGuid = {DB273C70-47A7-479A-B451-D79F59F4D5A0}
	EndGlobalSection
EndGlobal
